
Microsoft Visual Studio Solution File, Format Version 12.00
# Visual Studio 15
VisualStudioVersion = 15.0.27130.2027
MinimumVisualStudioVersion = 10.0.40219.1
Project("{FAE04EC0-301F-11D3-BF4B-00C04F79EFBC}") = "AutoStart", "AutoStart\AutoStart.csproj", "{EEC2399C-BACC-4CF8-ABD2-CEC80FBFEAE7}"
EndProject
Project("{FAE04EC0-301F-11D3-BF4B-00C04F79EFBC}") = "ConsoleApp", "Console\ConsoleApp.csproj", "{55096D5A-65AD-4F74-9E80-A84D41916C2C}"
EndProject
Project("{54435603-DBB4-11D2-8724-00A0C9A8B90C}") = "Setup", "Setup\Setup.vdproj", "{518ED305-E45C-480C-B016-DA7ACCAEADF9}"
EndProject
Global
	GlobalSection(SolutionConfigurationPlatforms) = preSolution
		Debug|Any CPU = Debug|Any CPU
		Release|Any CPU = Release|Any CPU
	EndGlobalSection
	GlobalSection(ProjectConfigurationPlatforms) = postSolution
		{EEC2399C-BACC-4CF8-ABD2-CEC80FBFEAE7}.Debug|Any CPU.ActiveCfg = Debug|Any CPU
		{EEC2399C-BACC-4CF8-ABD2-CEC80FBFEAE7}.Debug|Any CPU.Build.0 = Debug|Any CPU
		{EEC2399C-BACC-4CF8-ABD2-CEC80FBFEAE7}.Release|Any CPU.ActiveCfg = Release|Any CPU
		{EEC2399C-BACC-4CF8-ABD2-CEC80FBFEAE7}.Release|Any CPU.Build.0 = Release|Any CPU
		{55096D5A-65AD-4F74-9E80-A84D41916C2C}.Debug|Any CPU.ActiveCfg = Debug|Any CPU
		{55096D5A-65AD-4F74-9E80-A84D41916C2C}.Debug|Any CPU.Build.0 = Debug|Any CPU
		{55096D5A-65AD-4F74-9E80-A84D41916C2C}.Release|Any CPU.ActiveCfg = Release|Any CPU
		{55096D5A-65AD-4F74-9E80-A84D41916C2C}.Release|Any CPU.Build.0 = Release|Any CPU
		{518ED305-E45C-480C-B016-DA7ACCAEADF9}.Debug|Any CPU.ActiveCfg = Debug
		{518ED305-E45C-480C-B016-DA7ACCAEADF9}.Debug|Any CPU.Build.0 = Debug
		{518ED305-E45C-480C-B016-DA7ACCAEADF9}.Release|Any CPU.ActiveCfg = Release
	EndGlobalSection
	GlobalSection(SolutionProperties) = preSolution
		HideSolutionNode = FALSE
	EndGlobalSection
	GlobalSection(ExtensibilityGlobals) = postSolution
		SolutionGuid = {2D7C7DAE-5ABA-4784-9EB0-A5D95CA927F7}
	EndGlobalSection
EndGlobal
